
Microsoft Visual Studio Solution File, Format Version 12.00
# Visual Studio Version 17
VisualStudioVersion = 17.10.35201.131
MinimumVisualStudioVersion = 10.0.40219.1
Project("{9A19103F-16F7-4668-BE54-9A1E7A4F7556}") = "Demo", "Demo\Demo.csproj", "{56B8DEC4-EE96-4C29-AFA8-F9206490BFB3}"
EndProject
Project("{FAE04EC0-301F-11D3-BF4B-00C04F79EFBC}") = "Assignment", "Assignment\Assignment.csproj", "{4061AAA5-F503-4197-9BFC-B0F9CC675AD7}"
EndProject
Global
	GlobalSection(SolutionConfigurationPlatforms) = preSolution
		Debug|Any CPU = Debug|Any CPU
		Release|Any CPU = Release|Any CPU
	EndGlobalSection
	GlobalSection(ProjectConfigurationPlatforms) = postSolution
		{56B8DEC4-EE96-4C29-AFA8-F9206490BFB3}.Debug|Any CPU.ActiveCfg = Debug|Any CPU
		{56B8DEC4-EE96-4C29-AFA8-F9206490BFB3}.Debug|Any CPU.Build.0 = Debug|Any CPU
		{56B8DEC4-EE96-4C29-AFA8-F9206490BFB3}.Release|Any CPU.ActiveCfg = Release|Any CPU
		{56B8DEC4-EE96-4C29-AFA8-F9206490BFB3}.Release|Any CPU.Build.0 = Release|Any CPU
		{4061AAA5-F503-4197-9BFC-B0F9CC675AD7}.Debug|Any CPU.ActiveCfg = Debug|Any CPU
		{4061AAA5-F503-4197-9BFC-B0F9CC675AD7}.Debug|Any CPU.Build.0 = Debug|Any CPU
		{4061AAA5-F503-4197-9BFC-B0F9CC675AD7}.Release|Any CPU.ActiveCfg = Release|Any CPU
		{4061AAA5-F503-4197-9BFC-B0F9CC675AD7}.Release|Any CPU.Build.0 = Release|Any CPU
	EndGlobalSection
	GlobalSection(SolutionProperties) = preSolution
		HideSolutionNode = FALSE
	EndGlobalSection
	GlobalSection(ExtensibilityGlobals) = postSolution
		SolutionGuid = {43265B2A-D743-407B-AB99-E1D594BCAE7B}
	EndGlobalSection
EndGlobal
